{
  "name": "vue-simple-auth",
  "version": "1.0.2",
  "lockfileVersion": 1,
  "requires": true,
  "dependencies": {
    "vue-router-auth": {
      "version": "1.0.1",
      "resolved": "https://registry.npmjs.org/vue-router-auth/-/vue-router-auth-1.0.1.tgz",
      "integrity": "sha512-DVfCRZGIWRRLPTp1tNP5l8HNx7hO6IfYQB/mGAK9kXnBtFM8B20td4w+lce5hZAkK1xNZG9I24cyDw/ZXonirA=="
    }
  }
}
